<?xml version="1.0" encoding="utf-8"?>
<Project ToolsVersion="4.0" xmlns="http://schemas.microsoft.com/developer/msbuild/2003">
  <ItemGroup>
    <Filter Include="Debug">
      <UniqueIdentifier>{7251c3dc-8599-47a4-994b-51c33dc64a01}</UniqueIdentifier>
    </Filter>
    <Filter Include="IO">
      <UniqueIdentifier>{206be319-1753-40b4-90b3-58f224f1fee8}</UniqueIdentifier>
    </Filter>
    <Filter Include="String">
      <UniqueIdentifier>{9a0ac5bf-66d4-45ea-8c83-cb27627287ab}</UniqueIdentifier>
    </Filter>
    <Filter Include="Memory">
      <UniqueIdentifier>{9b8936ce-13b5-4b57-9b40-8cf36dac99f9}</UniqueIdentifier>
    </Filter>
    <Filter Include="PublicHeader">
      <UniqueIdentifier>{a7e68ae8-273d-49a5-9ffc-83e908fb04f2}</UniqueIdentifier>
    </Filter>
    <Filter Include="Math">
      <UniqueIdentifier>{741455a4-7815-4900-b695-7bf349577868}</UniqueIdentifier>
    </Filter>
    <Filter Include="Content">
      <UniqueIdentifier>{091e0820-e405-413c-b35b-8c74c7117395}</UniqueIdentifier>
    </Filter>
    <Filter Include="Input">
      <UniqueIdentifier>{976ccf36-8173-4f58-ae11-f535ebf0e37a}</UniqueIdentifier>
    </Filter>
    <Filter Include="Sound">
      <UniqueIdentifier>{b5eed724-dee6-4fe7-8428-1423160a665e}</UniqueIdentifier>
    </Filter>
    <Filter Include="Object">
      <UniqueIdentifier>{34a68905-0ce4-476c-af3f-0573f01108ee}</UniqueIdentifier>
    </Filter>
  </ItemGroup>
  <ItemGroup>
    <ClCompile Include="EngineDebug.cpp">
      <Filter>Debug</Filter>
    </ClCompile>
    <ClCompile Include="EnginePath.cpp">
      <Filter>IO</Filter>
    </ClCompile>
    <ClCompile Include="EngineDirectory.cpp">
      <Filter>IO</Filter>
    </ClCompile>
    <ClCompile Include="EngineFile.cpp">
      <Filter>IO</Filter>
    </ClCompile>
    <ClCompile Include="EngineMath.cpp">
      <Filter>Math</Filter>
    </ClCompile>
    <ClCompile Include="EngineMemory.cpp">
      <Filter>Memory</Filter>
    </ClCompile>
    <ClCompile Include="EngineString.cpp">
      <Filter>String</Filter>
    </ClCompile>
    <ClCompile Include="EngineTimer.cpp">
      <Filter>Math</Filter>
    </ClCompile>
    <ClCompile Include="EngineInput.cpp">
      <Filter>Input</Filter>
    </ClCompile>
    <ClCompile Include="EngineSound.cpp">
      <Filter>Sound</Filter>
    </ClCompile>
    <ClCompile Include="EngineObjectBase.cpp">
      <Filter>Object</Filter>
    </ClCompile>
  </ItemGroup>
  <ItemGroup>
    <ClInclude Include="EngineDebug.h">
      <Filter>Debug</Filter>
    </ClInclude>
    <ClInclude Include="EnginePath.h">
      <Filter>IO</Filter>
    </ClInclude>
    <ClInclude Include="EngineDirectory.h">
      <Filter>IO</Filter>
    </ClInclude>
    <ClInclude Include="EngineFile.h">
      <Filter>IO</Filter>
    </ClInclude>
    <ClInclude Include="EngineMath.h">
      <Filter>Math</Filter>
    </ClInclude>
    <ClInclude Include="EngineMemory.h">
      <Filter>Memory</Filter>
    </ClInclude>
    <ClInclude Include="EngineBasePublic.h">
      <Filter>PublicHeader</Filter>
    </ClInclude>
    <ClInclude Include="EngineString.h">
      <Filter>String</Filter>
    </ClInclude>
    <ClInclude Include="EngineTimer.h">
      <Filter>Math</Filter>
    </ClInclude>
    <ClInclude Include="EngineTimeEventer.h">
      <Filter>Math</Filter>
    </ClInclude>
    <ClInclude Include="EngineFSM.h">
      <Filter>Content</Filter>
    </ClInclude>
    <ClInclude Include="EngineInput.h">
      <Filter>Input</Filter>
    </ClInclude>
    <ClInclude Include="EngineSound.h">
      <Filter>Sound</Filter>
    </ClInclude>
    <ClInclude Include="EngineObjectBase.h">
      <Filter>Object</Filter>
    </ClInclude>
    <ClInclude Include="..\..\..\..\API35\GameEngineBase\fmod_codec.h">
      <Filter>Sound</Filter>
    </ClInclude>
    <ClInclude Include="..\..\..\..\API35\GameEngineBase\fmod_common.h">
      <Filter>Sound</Filter>
    </ClInclude>
    <ClInclude Include="..\..\..\..\API35\GameEngineBase\fmod_dsp.h">
      <Filter>Sound</Filter>
    </ClInclude>
    <ClInclude Include="..\..\..\..\API35\GameEngineBase\fmod_dsp_effects.h">
      <Filter>Sound</Filter>
    </ClInclude>
    <ClInclude Include="..\..\..\..\API35\GameEngineBase\fmod_errors.h">
      <Filter>Sound</Filter>
    </ClInclude>
    <ClInclude Include="..\..\..\..\API35\GameEngineBase\fmod_output.h">
      <Filter>Sound</Filter>
    </ClInclude>
    <ClInclude Include="..\..\..\..\API35\GameEngineBase\fmod.h">
      <Filter>Sound</Filter>
    </ClInclude>
    <ClInclude Include="..\..\..\..\API35\GameEngineBase\fmod.hpp">
      <Filter>Sound</Filter>
    </ClInclude>
    <ClInclude Include="TimeEventer.h">
      <Filter>Math</Filter>
    </ClInclude>
  </ItemGroup>
</Project>